{
  "name": "tsUnit.Node.Examples",
  "version": "0.0.0",
  "lockfileVersion": 1,
  "requires": true,
  "dependencies": {
    "tsunit.external": {
      "version": "3.7.2",
      "resolved": "https://registry.npmjs.org/tsunit.external/-/tsunit.external-3.7.2.tgz",
      "integrity": "sha512-jItP9JO/0pcha90XFhMnUU0DB8JnBhhTRln2ztzB+xUYdce06yl3d1FJ87MiRtbhr8eImSX+m4wJ7q+Zznd2hA=="
    }
  }
}
