
Microsoft Visual Studio Solution File, Format Version 12.00
# Visual Studio 2013
VisualStudioVersion = 12.0.30626.0
MinimumVisualStudioVersion = 10.0.40219.1
Project("{FAE04EC0-301F-11D3-BF4B-00C04F79EFBC}") = "tsUnit", "tsUnit\tsUnit.csproj", "{ECF9ECAE-AD1C-42AB-A821-600A3882E46A}"
EndProject
Project("{FAE04EC0-301F-11D3-BF4B-00C04F79EFBC}") = "tsUnit.Packager", "tsUnit.Packager\tsUnit.Packager.csproj", "{0451BAEF-DF2E-4B98-8644-94EE9415E389}"
EndProject
Project("{FAE04EC0-301F-11D3-BF4B-00C04F79EFBC}") = "tsUnit.External.Packager", "tsUnit.External.Packager\tsUnit.External.Packager.csproj", "{E31C1A48-7177-49CB-9690-85C6D4EA05A7}"
EndProject
Project("{FAE04EC0-301F-11D3-BF4B-00C04F79EFBC}") = "tsUnit.Examples", "tsUnit.Examples\tsUnit.Examples.csproj", "{41008459-C342-4DE4-ABD3-1076CF50D3CF}"
EndProject
Project("{FAE04EC0-301F-11D3-BF4B-00C04F79EFBC}") = "tsUnit.External.Examples", "tsUnit.External.Examples\tsUnit.External.Examples.csproj", "{DA6EF2A8-EB7D-475E-9AF5-D215732920C7}"
EndProject
Global
	GlobalSection(SolutionConfigurationPlatforms) = preSolution
		Debug|Any CPU = Debug|Any CPU
		Release|Any CPU = Release|Any CPU
	EndGlobalSection
	GlobalSection(ProjectConfigurationPlatforms) = postSolution
		{ECF9ECAE-AD1C-42AB-A821-600A3882E46A}.Debug|Any CPU.ActiveCfg = Release|Any CPU
		{ECF9ECAE-AD1C-42AB-A821-600A3882E46A}.Debug|Any CPU.Build.0 = Release|Any CPU
		{ECF9ECAE-AD1C-42AB-A821-600A3882E46A}.Release|Any CPU.ActiveCfg = Release|Any CPU
		{ECF9ECAE-AD1C-42AB-A821-600A3882E46A}.Release|Any CPU.Build.0 = Release|Any CPU
		{0451BAEF-DF2E-4B98-8644-94EE9415E389}.Debug|Any CPU.ActiveCfg = Debug|Any CPU
		{0451BAEF-DF2E-4B98-8644-94EE9415E389}.Debug|Any CPU.Build.0 = Debug|Any CPU
		{0451BAEF-DF2E-4B98-8644-94EE9415E389}.Release|Any CPU.ActiveCfg = Release|Any CPU
		{0451BAEF-DF2E-4B98-8644-94EE9415E389}.Release|Any CPU.Build.0 = Release|Any CPU
		{E31C1A48-7177-49CB-9690-85C6D4EA05A7}.Debug|Any CPU.ActiveCfg = Debug|Any CPU
		{E31C1A48-7177-49CB-9690-85C6D4EA05A7}.Debug|Any CPU.Build.0 = Debug|Any CPU
		{E31C1A48-7177-49CB-9690-85C6D4EA05A7}.Release|Any CPU.ActiveCfg = Release|Any CPU
		{E31C1A48-7177-49CB-9690-85C6D4EA05A7}.Release|Any CPU.Build.0 = Release|Any CPU
		{41008459-C342-4DE4-ABD3-1076CF50D3CF}.Debug|Any CPU.ActiveCfg = Debug|Any CPU
		{41008459-C342-4DE4-ABD3-1076CF50D3CF}.Debug|Any CPU.Build.0 = Debug|Any CPU
		{41008459-C342-4DE4-ABD3-1076CF50D3CF}.Release|Any CPU.ActiveCfg = Release|Any CPU
		{41008459-C342-4DE4-ABD3-1076CF50D3CF}.Release|Any CPU.Build.0 = Release|Any CPU
		{DA6EF2A8-EB7D-475E-9AF5-D215732920C7}.Debug|Any CPU.ActiveCfg = Debug|Any CPU
		{DA6EF2A8-EB7D-475E-9AF5-D215732920C7}.Debug|Any CPU.Build.0 = Debug|Any CPU
		{DA6EF2A8-EB7D-475E-9AF5-D215732920C7}.Release|Any CPU.ActiveCfg = Release|Any CPU
		{DA6EF2A8-EB7D-475E-9AF5-D215732920C7}.Release|Any CPU.Build.0 = Release|Any CPU
	EndGlobalSection
	GlobalSection(SolutionProperties) = preSolution
		HideSolutionNode = FALSE
	EndGlobalSection
EndGlobal
